
Microsoft Visual Studio Solution File, Format Version 12.00
# Visual Studio 2013
VisualStudioVersion = 12.0.21005.1
MinimumVisualStudioVersion = 10.0.40219.1
Project("{8BC9CEB8-8B4A-11D0-8D11-00A0C91BC942}") = "Activity06", "Activity06\Activity06.vcxproj", "{47A1E863-24DE-4D04-9F5E-8685E1B752BB}"
EndProject
Global
	GlobalSection(SolutionConfigurationPlatforms) = preSolution
		Debug|Win32 = Debug|Win32
		Release|Win32 = Release|Win32
	EndGlobalSection
	GlobalSection(ProjectConfigurationPlatforms) = postSolution
		{47A1E863-24DE-4D04-9F5E-8685E1B752BB}.Debug|Win32.ActiveCfg = Debug|Win32
		{47A1E863-24DE-4D04-9F5E-8685E1B752BB}.Debug|Win32.Build.0 = Debug|Win32
		{47A1E863-24DE-4D04-9F5E-8685E1B752BB}.Release|Win32.ActiveCfg = Release|Win32
		{47A1E863-24DE-4D04-9F5E-8685E1B752BB}.Release|Win32.Build.0 = Release|Win32
	EndGlobalSection
	GlobalSection(SolutionProperties) = preSolution
		HideSolutionNode = FALSE
	EndGlobalSection
EndGlobal
